
Microsoft Visual Studio Solution File, Format Version 12.00
# Visual Studio 15
VisualStudioVersion = 15.0.28307.271
MinimumVisualStudioVersion = 10.0.40219.1
Project("{FAE04EC0-301F-11D3-BF4B-00C04F79EFBC}") = "CRUD", "CRUD\CRUD.csproj", "{D70EDD52-F8D9-4F04-93C7-A76445BDF956}"
EndProject
Global
	GlobalSection(SolutionConfigurationPlatforms) = preSolution
		Debug|Any CPU = Debug|Any CPU
		Release|Any CPU = Release|Any CPU
	EndGlobalSection
	GlobalSection(ProjectConfigurationPlatforms) = postSolution
		{D70EDD52-F8D9-4F04-93C7-A76445BDF956}.Debug|Any CPU.ActiveCfg = Debug|Any CPU
		{D70EDD52-F8D9-4F04-93C7-A76445BDF956}.Debug|Any CPU.Build.0 = Debug|Any CPU
		{D70EDD52-F8D9-4F04-93C7-A76445BDF956}.Release|Any CPU.ActiveCfg = Release|Any CPU
		{D70EDD52-F8D9-4F04-93C7-A76445BDF956}.Release|Any CPU.Build.0 = Release|Any CPU
	EndGlobalSection
	GlobalSection(SolutionProperties) = preSolution
		HideSolutionNode = FALSE
	EndGlobalSection
	GlobalSection(ExtensibilityGlobals) = postSolution
		SolutionGuid = {544AAD9B-40AC-491C-A696-B65EB764D35C}
	EndGlobalSection
EndGlobal
